
Microsoft Visual Studio Solution File, Format Version 12.00
# Visual Studio Version 17
VisualStudioVersion = 17.14.36518.9 d17.14
MinimumVisualStudioVersion = 10.0.40219.1
Project("{FAE04EC0-301F-11D3-BF4B-00C04F79EFBC}") = "GalacticDiskDLL", "GalacticDiskDLL.csproj", "{F52D990C-DCEF-48C8-AC97-EE5034018FF7}"
EndProject
Global
	GlobalSection(SolutionConfigurationPlatforms) = preSolution
		Debug|Any CPU = Debug|Any CPU
		Release|Any CPU = Release|Any CPU
	EndGlobalSection
	GlobalSection(ProjectConfigurationPlatforms) = postSolution
		{F52D990C-DCEF-48C8-AC97-EE5034018FF7}.Debug|Any CPU.ActiveCfg = Debug|Any CPU
		{F52D990C-DCEF-48C8-AC97-EE5034018FF7}.Debug|Any CPU.Build.0 = Debug|Any CPU
		{F52D990C-DCEF-48C8-AC97-EE5034018FF7}.Release|Any CPU.ActiveCfg = Release|Any CPU
		{F52D990C-DCEF-48C8-AC97-EE5034018FF7}.Release|Any CPU.Build.0 = Release|Any CPU
	EndGlobalSection
	GlobalSection(SolutionProperties) = preSolution
		HideSolutionNode = FALSE
	EndGlobalSection
	GlobalSection(ExtensibilityGlobals) = postSolution
		SolutionGuid = {0E146766-E7C5-4619-93C9-100AA32BFCA6}
	EndGlobalSection
EndGlobal
